
Microsoft Visual Studio Solution File, Format Version 12.00
# Visual Studio Version 16
VisualStudioVersion = 16.0.29403.142
MinimumVisualStudioVersion = 10.0.40219.1
Project("{8BC9CEB8-8B4A-11D0-8D11-00A0C91BC942}") = "programowanie-1_28-10-2019", "programowanie-1_28-10-2019\programowanie-1_28-10-2019.vcxproj", "{1FA4AC61-7A12-4E5C-BC8B-EE2BDC08379E}"
EndProject
Global
	GlobalSection(SolutionConfigurationPlatforms) = preSolution
		Debug|x64 = Debug|x64
		Debug|x86 = Debug|x86
		Release|x64 = Release|x64
		Release|x86 = Release|x86
	EndGlobalSection
	GlobalSection(ProjectConfigurationPlatforms) = postSolution
		{1FA4AC61-7A12-4E5C-BC8B-EE2BDC08379E}.Debug|x64.ActiveCfg = Debug|x64
		{1FA4AC61-7A12-4E5C-BC8B-EE2BDC08379E}.Debug|x64.Build.0 = Debug|x64
		{1FA4AC61-7A12-4E5C-BC8B-EE2BDC08379E}.Debug|x86.ActiveCfg = Debug|Win32
		{1FA4AC61-7A12-4E5C-BC8B-EE2BDC08379E}.Debug|x86.Build.0 = Debug|Win32
		{1FA4AC61-7A12-4E5C-BC8B-EE2BDC08379E}.Release|x64.ActiveCfg = Release|x64
		{1FA4AC61-7A12-4E5C-BC8B-EE2BDC08379E}.Release|x64.Build.0 = Release|x64
		{1FA4AC61-7A12-4E5C-BC8B-EE2BDC08379E}.Release|x86.ActiveCfg = Release|Win32
		{1FA4AC61-7A12-4E5C-BC8B-EE2BDC08379E}.Release|x86.Build.0 = Release|Win32
	EndGlobalSection
	GlobalSection(SolutionProperties) = preSolution
		HideSolutionNode = FALSE
	EndGlobalSection
	GlobalSection(ExtensibilityGlobals) = postSolution
		SolutionGuid = {08422D8F-8654-4002-BB07-11F9E4B42272}
	EndGlobalSection
EndGlobal
